PODS:
  - Alamofire (4.8.2)
  - CircleProgressView (1.2.0)
  - Crashlytics (3.13.4):
    - Fabric (~> 1.10.2)
  - Differentiator (4.0.1)
  - Fabric (1.10.2)
  - Kingfisher (5.7.0)
  - Nimble (7.3.4)
  - NVActivityIndicatorView (4.7.0):
    - NVActivityIndicatorView/Presenter (= 4.7.0)
  - NVActivityIndicatorView/Presenter (4.7.0)
  - Parchment (1.6.0)
  - Quick (2.1.0)
  - R.swift (5.0.3):
    - R.swift.Library (~> 5.0.0)
  - R.swift.Library (5.0.1)
  - Realm (3.17.1):
    - Realm/Headers (= 3.17.1)
  - Realm/Headers (3.17.1)
  - RealmSwift (3.17.1):
    - Realm (= 3.17.1)
  - RxBlocking (5.0.0):
    - RxSwift (~> 5)
  - RxCocoa (5.0.0):
    - RxRelay (~> 5)
    - RxSwift (~> 5)
  - RxDataSources (4.0.1):
    - Differentiator (~> 4.0)
    - RxCocoa (~> 5.0)
    - RxSwift (~> 5.0)
  - RxNimble (4.5.0):
    - RxNimble/RxBlocking (= 4.5.0)
  - RxNimble/Core (4.5.0):
    - Nimble (~> 7.0)
    - RxSwift (~> 5.0)
  - RxNimble/RxBlocking (4.5.0):
    - RxBlocking
    - RxNimble/Core
  - RxRealm (1.0.0):
    - RealmSwift (~> 3.14)
    - RxSwift (~> 5.0)
  - RxRelay (5.0.0):
    - RxSwift (~> 5)
  - RxSwift (5.0.0)
  - RxSwiftExt (5.0.0):
    - RxSwiftExt/Core (= 5.0.0)
    - RxSwiftExt/RxCocoa (= 5.0.0)
  - RxSwiftExt/Core (5.0.0):
    - RxSwift (~> 5.0)
  - RxSwiftExt/RxCocoa (5.0.0):
    - RxCocoa (~> 5.0)
    - RxSwiftExt/Core
  - SkyFloatingLabelTextField (3.7.0)
  - SwiftHash (2.0.2)
  - SwiftyJSON (5.0.0)
  - XLActionController/Core (5.0.0)
  - XLActionController/Youtube (5.0.0):
    - XLActionController/Core

DEPENDENCIES:
  - Alamofire (~> 4.8.2)
  - CircleProgressView (~> 1.2.0)
  - Crashlytics (~> 3.13.4)
  - Fabric (~> 1.10.2)
  - Kingfisher (~> 5.7.0)
  - Nimble (~> 7.3.4)
  - NVActivityIndicatorView (~> 4.7.0)
  - Parchment (~> 1.6.0)
  - Quick (~> 2.1.0)
  - R.swift (~> 5.0.3)
  - R.swift.Library (~> 5.0.0)
  - RealmSwift (~> 3.17.1)
  - RxBlocking (~> 5.0.0)
  - RxCocoa (~> 5.0.0)
  - RxDataSources (~> 4.0.1)
  - RxNimble (~> 4.5.0)
  - RxRealm (~> 1.0.0)
  - RxSwift (~> 5.0.0)
  - RxSwiftExt (~> 5.0.0)
  - SkyFloatingLabelTextField (~> 3.7.0)
  - SwiftHash (~> 2.0.2)
  - SwiftyJSON (~> 5.0.0)
  - XLActionController/Youtube (~> 5.0.0)

SPEC REPOS:
  https://github.com/cocoapods/specs.git:
    - Alamofire
    - CircleProgressView
    - Crashlytics
    - Differentiator
    - Fabric
    - Kingfisher
    - Nimble
    - NVActivityIndicatorView
    - Parchment
    - Quick
    - R.swift
    - R.swift.Library
    - Realm
    - RealmSwift
    - RxBlocking
    - RxCocoa
    - RxDataSources
    - RxNimble
    - RxRealm
    - RxRelay
    - RxSwift
    - RxSwiftExt
    - SkyFloatingLabelTextField
    - SwiftHash
    - SwiftyJSON
    - XLActionController

SPEC CHECKSUMS:
  Alamofire: ae5c501addb7afdbb13687d7f2f722c78734c2d3
  CircleProgressView: 6b5b091d59dc5e5d2fda84e637a40498cdc39937
  Crashlytics: 2dfd686bcb918dc10ee0e76f7f853fe42c7bd552
  Differentiator: 886080237d9f87f322641dedbc5be257061b0602
  Fabric: 706c8b8098fff96c33c0db69cbf81f9c551d0d74
  Kingfisher: c7d211b54f1f30d8060aadab177d52b4349c825b
  Nimble: 051e3d8912d40138fa5591c78594f95fb172af37
  NVActivityIndicatorView: b19ddab2576f805cbe0fb2306cba3476e09a1dea
  Parchment: d3a7b367c529fa6ef51aa43f5717a7ff36d4b1f5
  Quick: 4be43f6634acfa727dd106bdf3929ce125ffa79d
  R.swift: f5a87643b91ea569d23d6afb3eee9c743edde239
  R.swift.Library: cfe85d569d9bae6cb262922db130e7c3a7a5fad1
  Realm: c204f1a890f07dea43b14132a6aad118c054b8f2
  RealmSwift: 4d3c9233544b9cd08a8913e0872b9038eb99b054
  RxBlocking: c67185d26498ea3cbe3e121917c3c16739e43123
  RxCocoa: fcf32050ac00d801f34a7f71d5e8e7f23026dcd8
  RxDataSources: efee07fa4de48477eca0a4611e6d11e2da9c1114
  RxNimble: 7de04a30b74ac4c9298ae819edbfbddc34abe7fc
  RxRealm: 1e81dcfca1fb50c3e9b3e1f8102bc875c5156a2e
  RxRelay: 4f7409406a51a55cd88483f21ed898c234d60f18
  RxSwift: 8b0671caa829a763bbce7271095859121cbd895f
  RxSwiftExt: 4564187392cc53823ef241fa4a11647861567026
  SkyFloatingLabelTextField: 4b46db0ab1ccde0919cded29c656e6b4805eda04
  SwiftHash: 6d312abe61c8359bdef8d0093642f3a70b1c17ba
  SwiftyJSON: 36413e04c44ee145039d332b4f4e2d3e8d6c4db7
  XLActionController: d7dea0b162bd3977311bcba7d377b88d6b87a7b4

PODFILE CHECKSUM: 261c6b57454bf0c260a7e27c06405280ac2a7bae

COCOAPODS: 1.5.3
