// !$*UTF8*$!
{
	archiveVersion = 1;
	classes = {
	};
	objectVersion = 46;
	objects = {

/* Begin PBXBuildFile section */
		4253E80E1AB4B84C00EF1254 /* AppDelegate.swift in Sources */ = {isa = PBXBuildFile; fileRef = 4253E7FE1AB4B84C00EF1254 /* AppDelegate.swift */; };
		4253E80F1AB4B84C00EF1254 /* ViewController.swift in Sources */ = {isa = PBXBuildFile; fileRef = 4253E8031AB4B84C00EF1254 /* ViewController.swift */; };
		4253E8181AB4B85800EF1254 /* DownTests.swift in Sources */ = {isa = PBXBuildFile; fileRef = 4253E8151AB4B85800EF1254 /* DownTests.swift */; };
		4253E8211AB4B8E300EF1254 /* Down.xcdatamodeld in Sources */ = {isa = PBXBuildFile; fileRef = 4253E81B1AB4B8E300EF1254 /* Down.xcdatamodeld */; };
		4253E8221AB4B8E300EF1254 /* Images.xcassets in Resources */ = {isa = PBXBuildFile; fileRef = 4253E81E1AB4B8E300EF1254 /* Images.xcassets */; };
		4253E8231AB4B8E300EF1254 /* LaunchScreen.xib in Resources */ = {isa = PBXBuildFile; fileRef = 4253E8201AB4B8E300EF1254 /* LaunchScreen.xib */; };
		4253E8261AB4B91F00EF1254 /* ViewController.xib in Resources */ = {isa = PBXBuildFile; fileRef = 4253E8251AB4B91F00EF1254 /* ViewController.xib */; };
		4253E8371AB4BC3E00EF1254 /* Alamofire.framework in Frameworks */ = {isa = PBXBuildFile; fileRef = 4253E8301AB4BC2200EF1254 /* Alamofire.framework */; };
		4253E84C1AB4BF2800EF1254 /* SwiftyJSON.swift in Sources */ = {isa = PBXBuildFile; fileRef = 4253E84B1AB4BF2800EF1254 /* SwiftyJSON.swift */; };
		42CD253D1AB5BD06008E9717 /* OpenSans-Bold.ttf in Resources */ = {isa = PBXBuildFile; fileRef = 42CD25221AB5BD05008E9717 /* OpenSans-Bold.ttf */; };
		42CD253E1AB5BD06008E9717 /* OpenSans-BoldItalic.ttf in Resources */ = {isa = PBXBuildFile; fileRef = 42CD25231AB5BD05008E9717 /* OpenSans-BoldItalic.ttf */; };
		42CD253F1AB5BD06008E9717 /* OpenSans-ExtraBold.ttf in Resources */ = {isa = PBXBuildFile; fileRef = 42CD25241AB5BD05008E9717 /* OpenSans-ExtraBold.ttf */; };
		42CD25401AB5BD06008E9717 /* OpenSans-ExtraBoldItalic.ttf in Resources */ = {isa = PBXBuildFile; fileRef = 42CD25251AB5BD05008E9717 /* OpenSans-ExtraBoldItalic.ttf */; };
		42CD25411AB5BD06008E9717 /* OpenSans-Italic.ttf in Resources */ = {isa = PBXBuildFile; fileRef = 42CD25261AB5BD05008E9717 /* OpenSans-Italic.ttf */; };
		42CD25421AB5BD06008E9717 /* OpenSans-Light.ttf in Resources */ = {isa = PBXBuildFile; fileRef = 42CD25271AB5BD05008E9717 /* OpenSans-Light.ttf */; };
		42CD25431AB5BD06008E9717 /* OpenSans-LightItalic.ttf in Resources */ = {isa = PBXBuildFile; fileRef = 42CD25281AB5BD05008E9717 /* OpenSans-LightItalic.ttf */; };
		42CD25441AB5BD06008E9717 /* OpenSans-Regular.ttf in Resources */ = {isa = PBXBuildFile; fileRef = 42CD25291AB5BD05008E9717 /* OpenSans-Regular.ttf */; };
		42CD25451AB5BD06008E9717 /* OpenSans-Semibold.ttf in Resources */ = {isa = PBXBuildFile; fileRef = 42CD252A1AB5BD05008E9717 /* OpenSans-Semibold.ttf */; };
		42CD25461AB5BD06008E9717 /* OpenSans-SemiboldItalic.ttf in Resources */ = {isa = PBXBuildFile; fileRef = 42CD252B1AB5BD05008E9717 /* OpenSans-SemiboldItalic.ttf */; };
		42CD25471AB5BD06008E9717 /* Roboto-Black.ttf in Resources */ = {isa = PBXBuildFile; fileRef = 42CD252D1AB5BD06008E9717 /* Roboto-Black.ttf */; };
		42CD25481AB5BD06008E9717 /* Roboto-BlackItalic.ttf in Resources */ = {isa = PBXBuildFile; fileRef = 42CD252E1AB5BD06008E9717 /* Roboto-BlackItalic.ttf */; };
		42CD25491AB5BD06008E9717 /* Roboto-Bold.ttf in Resources */ = {isa = PBXBuildFile; fileRef = 42CD252F1AB5BD06008E9717 /* Roboto-Bold.ttf */; };
		42CD254A1AB5BD06008E9717 /* Roboto-BoldCondensed.ttf in Resources */ = {isa = PBXBuildFile; fileRef = 42CD25301AB5BD06008E9717 /* Roboto-BoldCondensed.ttf */; };
		42CD254B1AB5BD06008E9717 /* Roboto-BoldCondensedItalic.ttf in Resources */ = {isa = PBXBuildFile; fileRef = 42CD25311AB5BD06008E9717 /* Roboto-BoldCondensedItalic.ttf */; };
		42CD254C1AB5BD06008E9717 /* Roboto-BoldItalic.ttf in Resources */ = {isa = PBXBuildFile; fileRef = 42CD25321AB5BD06008E9717 /* Roboto-BoldItalic.ttf */; };
		42CD254D1AB5BD06008E9717 /* Roboto-Condensed.ttf in Resources */ = {isa = PBXBuildFile; fileRef = 42CD25331AB5BD06008E9717 /* Roboto-Condensed.ttf */; };
		42CD254E1AB5BD06008E9717 /* Roboto-CondensedItalic.ttf in Resources */ = {isa = PBXBuildFile; fileRef = 42CD25341AB5BD06008E9717 /* Roboto-CondensedItalic.ttf */; };
		42CD254F1AB5BD06008E9717 /* Roboto-Italic.ttf in Resources */ = {isa = PBXBuildFile; fileRef = 42CD25351AB5BD06008E9717 /* Roboto-Italic.ttf */; };
		42CD25501AB5BD06008E9717 /* Roboto-Light.ttf in Resources */ = {isa = PBXBuildFile; fileRef = 42CD25361AB5BD06008E9717 /* Roboto-Light.ttf */; };
		42CD25511AB5BD06008E9717 /* Roboto-LightItalic.ttf in Resources */ = {isa = PBXBuildFile; fileRef = 42CD25371AB5BD06008E9717 /* Roboto-LightItalic.ttf */; };
		42CD25521AB5BD06008E9717 /* Roboto-Medium.ttf in Resources */ = {isa = PBXBuildFile; fileRef = 42CD25381AB5BD06008E9717 /* Roboto-Medium.ttf */; };
		42CD25531AB5BD06008E9717 /* Roboto-MediumItalic.ttf in Resources */ = {isa = PBXBuildFile; fileRef = 42CD25391AB5BD06008E9717 /* Roboto-MediumItalic.ttf */; };
		42CD25541AB5BD06008E9717 /* Roboto-Regular.ttf in Resources */ = {isa = PBXBuildFile; fileRef = 42CD253A1AB5BD06008E9717 /* Roboto-Regular.ttf */; };
		42CD25551AB5BD06008E9717 /* Roboto-Thin.ttf in Resources */ = {isa = PBXBuildFile; fileRef = 42CD253B1AB5BD06008E9717 /* Roboto-Thin.ttf */; };
		42CD25561AB5BD06008E9717 /* Roboto-ThinItalic.ttf in Resources */ = {isa = PBXBuildFile; fileRef = 42CD253C1AB5BD06008E9717 /* Roboto-ThinItalic.ttf */; };
		42CD255F1AB5C06D008E9717 /* SABQueueItemCell.swift in Sources */ = {isa = PBXBuildFile; fileRef = 42CD255D1AB5C06D008E9717 /* SABQueueItemCell.swift */; };
		42CD25641AB5C0F7008E9717 /* SABQueueItemCell.xib in Resources */ = {isa = PBXBuildFile; fileRef = 42CD25631AB5C0F7008E9717 /* SABQueueItemCell.xib */; };
		42D198A11AB4D11200A19FD2 /* ServiceManager.swift in Sources */ = {isa = PBXBuildFile; fileRef = 42D198A01AB4D11200A19FD2 /* ServiceManager.swift */; };
		42D198A31AB4D12400A19FD2 /* Service.swift in Sources */ = {isa = PBXBuildFile; fileRef = 42D198A21AB4D12400A19FD2 /* Service.swift */; };
		42D198A51AB4D13000A19FD2 /* SabNZBdService.swift in Sources */ = {isa = PBXBuildFile; fileRef = 42D198A41AB4D13000A19FD2 /* SabNZBdService.swift */; };
		42D198A71AB4D13D00A19FD2 /* SickbeardService.swift in Sources */ = {isa = PBXBuildFile; fileRef = 42D198A61AB4D13D00A19FD2 /* SickbeardService.swift */; };
		42D198A91AB4D14900A19FD2 /* CouchPotatoService.swift in Sources */ = {isa = PBXBuildFile; fileRef = 42D198A81AB4D14900A19FD2 /* CouchPotatoService.swift */; };
		42D198B31AB4D57300A19FD2 /* SABItem.swift in Sources */ = {isa = PBXBuildFile; fileRef = 42D198B21AB4D57300A19FD2 /* SABItem.swift */; };
		42D198B51AB4D59400A19FD2 /* SABQueueItem.swift in Sources */ = {isa = PBXBuildFile; fileRef = 42D198B41AB4D59400A19FD2 /* SABQueueItem.swift */; };
		42D198B71AB4D59E00A19FD2 /* SABHistoryItem.swift in Sources */ = {isa = PBXBuildFile; fileRef = 42D198B61AB4D59E00A19FD2 /* SABHistoryItem.swift */; };
		42D198BA1AB4DFC900A19FD2 /* Listener.swift in Sources */ = {isa = PBXBuildFile; fileRef = 42D198B91AB4DFC900A19FD2 /* Listener.swift */; };
		42D198BC1AB4DFF200A19FD2 /* SabNZBdListener.swift in Sources */ = {isa = PBXBuildFile; fileRef = 42D198BB1AB4DFF200A19FD2 /* SabNZBdListener.swift */; };
/* End PBXBuildFile section */

/* Begin PBXContainerItemProxy section */
		4253E7EE1AB4B7B900EF1254 /* PBXContainerItemProxy */ = {
			isa = PBXContainerItemProxy;
			containerPortal = 4253E7CD1AB4B7B900EF1254 /* Project object */;
			proxyType = 1;
			remoteGlobalIDString = 4253E7D41AB4B7B900EF1254;
			remoteInfo = Down;
		};
		4253E82F1AB4BC2200EF1254 /* PBXContainerItemProxy */ = {
			isa = PBXContainerItemProxy;
			containerPortal = 4253E8281AB4BC2100EF1254 /* Alamofire.xcodeproj */;
			proxyType = 2;
			remoteGlobalIDString = F8111E3319A95C8B0040E7D1;
			remoteInfo = "Alamofire iOS";
		};
		4253E8311AB4BC2200EF1254 /* PBXContainerItemProxy */ = {
			isa = PBXContainerItemProxy;
			containerPortal = 4253E8281AB4BC2100EF1254 /* Alamofire.xcodeproj */;
			proxyType = 2;
			remoteGlobalIDString = 4DD67C0B1A5C55C900ED2280;
			remoteInfo = "Alamofire OSX";
		};
		4253E8331AB4BC2200EF1254 /* PBXContainerItemProxy */ = {
			isa = PBXContainerItemProxy;
			containerPortal = 4253E8281AB4BC2100EF1254 /* Alamofire.xcodeproj */;
			proxyType = 2;
			remoteGlobalIDString = F8111E3E19A95C8B0040E7D1;
			remoteInfo = "Alamofire iOS Tests";
		};
		4253E8351AB4BC2200EF1254 /* PBXContainerItemProxy */ = {
			isa = PBXContainerItemProxy;
			containerPortal = 4253E8281AB4BC2100EF1254 /* Alamofire.xcodeproj */;
			proxyType = 2;
			remoteGlobalIDString = F829C6B21A7A94F100A2CD59;
			remoteInfo = "Alamofire OSX Tests";
		};
/* End PBXContainerItemProxy section */

/* Begin PBXFileReference section */
		4253E7D51AB4B7B900EF1254 /* Down.app */ = {isa = PBXFileReference; explicitFileType = wrapper.application; includeInIndex = 0; path = Down.app; sourceTree = BUILT_PRODUCTS_DIR; };
		4253E7ED1AB4B7B900EF1254 /* DownTests.xctest */ = {isa = PBXFileReference; explicitFileType = wrapper.cfbundle; includeInIndex = 0; path = DownTests.xctest; sourceTree = BUILT_PRODUCTS_DIR; };
		4253E7FE1AB4B84C00EF1254 /* AppDelegate.swift */ = {isa = PBXFileReference; fileEncoding = 4; lastKnownFileType = sourcecode.swift; path = AppDelegate.swift; sourceTree = "<group>"; };
		4253E8031AB4B84C00EF1254 /* ViewController.swift */ = {isa = PBXFileReference; fileEncoding = 4; lastKnownFileType = sourcecode.swift; path = ViewController.swift; sourceTree = "<group>"; };
		4253E80D1AB4B84C00EF1254 /* Info.plist */ = {isa = PBXFileReference; fileEncoding = 4; lastKnownFileType = text.plist.xml; path = Info.plist; sourceTree = "<group>"; };
		4253E8151AB4B85800EF1254 /* DownTests.swift */ = {isa = PBXFileReference; fileEncoding = 4; lastKnownFileType = sourcecode.swift; path = DownTests.swift; sourceTree = "<group>"; };
		4253E8171AB4B85800EF1254 /* Info.plist */ = {isa = PBXFileReference; fileEncoding = 4; lastKnownFileType = text.plist.xml; path = Info.plist; sourceTree = "<group>"; };
		4253E81C1AB4B8E300EF1254 /* Down.xcdatamodel */ = {isa = PBXFileReference; lastKnownFileType = wrapper.xcdatamodel; path = Down.xcdatamodel; sourceTree = "<group>"; };
		4253E81E1AB4B8E300EF1254 /* Images.xcassets */ = {isa = PBXFileReference; lastKnownFileType = folder.assetcatalog; path = Images.xcassets; sourceTree = "<group>"; };
		4253E8201AB4B8E300EF1254 /* LaunchScreen.xib */ = {isa = PBXFileReference; fileEncoding = 4; lastKnownFileType = file.xib; path = LaunchScreen.xib; sourceTree = "<group>"; };
		4253E8251AB4B91F00EF1254 /* ViewController.xib */ = {isa = PBXFileReference; fileEncoding = 4; lastKnownFileType = file.xib; path = ViewController.xib; sourceTree = "<group>"; };
		4253E8281AB4BC2100EF1254 /* Alamofire.xcodeproj */ = {isa = PBXFileReference; lastKnownFileType = "wrapper.pb-project"; name = Alamofire.xcodeproj; path = ../../../Alamofire/Alamofire.xcodeproj; sourceTree = "<group>"; };
		4253E84B1AB4BF2800EF1254 /* SwiftyJSON.swift */ = {isa = PBXFileReference; fileEncoding = 4; lastKnownFileType = sourcecode.swift; name = SwiftyJSON.swift; path = ../../../SwiftyJSON/Source/SwiftyJSON.swift; sourceTree = "<group>"; };
		42CD25221AB5BD05008E9717 /* OpenSans-Bold.ttf */ = {isa = PBXFileReference; lastKnownFileType = file; path = "OpenSans-Bold.ttf"; sourceTree = "<group>"; };
		42CD25231AB5BD05008E9717 /* OpenSans-BoldItalic.ttf */ = {isa = PBXFileReference; lastKnownFileType = file; path = "OpenSans-BoldItalic.ttf"; sourceTree = "<group>"; };
		42CD25241AB5BD05008E9717 /* OpenSans-ExtraBold.ttf */ = {isa = PBXFileReference; lastKnownFileType = file; path = "OpenSans-ExtraBold.ttf"; sourceTree = "<group>"; };
		42CD25251AB5BD05008E9717 /* OpenSans-ExtraBoldItalic.ttf */ = {isa = PBXFileReference; lastKnownFileType = file; path = "OpenSans-ExtraBoldItalic.ttf"; sourceTree = "<group>"; };
		42CD25261AB5BD05008E9717 /* OpenSans-Italic.ttf */ = {isa = PBXFileReference; lastKnownFileType = file; path = "OpenSans-Italic.ttf"; sourceTree = "<group>"; };
		42CD25271AB5BD05008E9717 /* OpenSans-Light.ttf */ = {isa = PBXFileReference; lastKnownFileType = file; path = "OpenSans-Light.ttf"; sourceTree = "<group>"; };
		42CD25281AB5BD05008E9717 /* OpenSans-LightItalic.ttf */ = {isa = PBXFileReference; lastKnownFileType = file; path = "OpenSans-LightItalic.ttf"; sourceTree = "<group>"; };
		42CD25291AB5BD05008E9717 /* OpenSans-Regular.ttf */ = {isa = PBXFileReference; lastKnownFileType = file; path = "OpenSans-Regular.ttf"; sourceTree = "<group>"; };
		42CD252A1AB5BD05008E9717 /* OpenSans-Semibold.ttf */ = {isa = PBXFileReference; lastKnownFileType = file; path = "OpenSans-Semibold.ttf"; sourceTree = "<group>"; };
		42CD252B1AB5BD05008E9717 /* OpenSans-SemiboldItalic.ttf */ = {isa = PBXFileReference; lastKnownFileType = file; path = "OpenSans-SemiboldItalic.ttf"; sourceTree = "<group>"; };
		42CD252D1AB5BD06008E9717 /* Roboto-Black.ttf */ = {isa = PBXFileReference; lastKnownFileType = file; path = "Roboto-Black.ttf"; sourceTree = "<group>"; };
		42CD252E1AB5BD06008E9717 /* Roboto-BlackItalic.ttf */ = {isa = PBXFileReference; lastKnownFileType = file; path = "Roboto-BlackItalic.ttf"; sourceTree = "<group>"; };
		42CD252F1AB5BD06008E9717 /* Roboto-Bold.ttf */ = {isa = PBXFileReference; lastKnownFileType = file; path = "Roboto-Bold.ttf"; sourceTree = "<group>"; };
		42CD25301AB5BD06008E9717 /* Roboto-BoldCondensed.ttf */ = {isa = PBXFileReference; lastKnownFileType = file; path = "Roboto-BoldCondensed.ttf"; sourceTree = "<group>"; };
		42CD25311AB5BD06008E9717 /* Roboto-BoldCondensedItalic.ttf */ = {isa = PBXFileReference; lastKnownFileType = file; path = "Roboto-BoldCondensedItalic.ttf"; sourceTree = "<group>"; };
		42CD25321AB5BD06008E9717 /* Roboto-BoldItalic.ttf */ = {isa = PBXFileReference; lastKnownFileType = file; path = "Roboto-BoldItalic.ttf"; sourceTree = "<group>"; };
		42CD25331AB5BD06008E9717 /* Roboto-Condensed.ttf */ = {isa = PBXFileReference; lastKnownFileType = file; path = "Roboto-Condensed.ttf"; sourceTree = "<group>"; };
		42CD25341AB5BD06008E9717 /* Roboto-CondensedItalic.ttf */ = {isa = PBXFileReference; lastKnownFileType = file; path = "Roboto-CondensedItalic.ttf"; sourceTree = "<group>"; };
		42CD25351AB5BD06008E9717 /* Roboto-Italic.ttf */ = {isa = PBXFileReference; lastKnownFileType = file; path = "Roboto-Italic.ttf"; sourceTree = "<group>"; };
		42CD25361AB5BD06008E9717 /* Roboto-Light.ttf */ = {isa = PBXFileReference; lastKnownFileType = file; path = "Roboto-Light.ttf"; sourceTree = "<group>"; };
		42CD25371AB5BD06008E9717 /* Roboto-LightItalic.ttf */ = {isa = PBXFileReference; lastKnownFileType = file; path = "Roboto-LightItalic.ttf"; sourceTree = "<group>"; };
		42CD25381AB5BD06008E9717 /* Roboto-Medium.ttf */ = {isa = PBXFileReference; lastKnownFileType = file; path = "Roboto-Medium.ttf"; sourceTree = "<group>"; };
		42CD25391AB5BD06008E9717 /* Roboto-MediumItalic.ttf */ = {isa = PBXFileReference; lastKnownFileType = file; path = "Roboto-MediumItalic.ttf"; sourceTree = "<group>"; };
		42CD253A1AB5BD06008E9717 /* Roboto-Regular.ttf */ = {isa = PBXFileReference; lastKnownFileType = file; path = "Roboto-Regular.ttf"; sourceTree = "<group>"; };
		42CD253B1AB5BD06008E9717 /* Roboto-Thin.ttf */ = {isa = PBXFileReference; lastKnownFileType = file; path = "Roboto-Thin.ttf"; sourceTree = "<group>"; };
		42CD253C1AB5BD06008E9717 /* Roboto-ThinItalic.ttf */ = {isa = PBXFileReference; lastKnownFileType = file; path = "Roboto-ThinItalic.ttf"; sourceTree = "<group>"; };
		42CD255D1AB5C06D008E9717 /* SABQueueItemCell.swift */ = {isa = PBXFileReference; fileEncoding = 4; lastKnownFileType = sourcecode.swift; path = SABQueueItemCell.swift; sourceTree = "<group>"; };
		42CD25631AB5C0F7008E9717 /* SABQueueItemCell.xib */ = {isa = PBXFileReference; fileEncoding = 4; lastKnownFileType = file.xib; path = SABQueueItemCell.xib; sourceTree = "<group>"; };
		42D198A01AB4D11200A19FD2 /* ServiceManager.swift */ = {isa = PBXFileReference; fileEncoding = 4; lastKnownFileType = sourcecode.swift; path = ServiceManager.swift; sourceTree = "<group>"; };
		42D198A21AB4D12400A19FD2 /* Service.swift */ = {isa = PBXFileReference; fileEncoding = 4; lastKnownFileType = sourcecode.swift; path = Service.swift; sourceTree = "<group>"; };
		42D198A41AB4D13000A19FD2 /* SabNZBdService.swift */ = {isa = PBXFileReference; fileEncoding = 4; lastKnownFileType = sourcecode.swift; path = SabNZBdService.swift; sourceTree = "<group>"; };
		42D198A61AB4D13D00A19FD2 /* SickbeardService.swift */ = {isa = PBXFileReference; fileEncoding = 4; lastKnownFileType = sourcecode.swift; path = SickbeardService.swift; sourceTree = "<group>"; };
		42D198A81AB4D14900A19FD2 /* CouchPotatoService.swift */ = {isa = PBXFileReference; fileEncoding = 4; lastKnownFileType = sourcecode.swift; path = CouchPotatoService.swift; sourceTree = "<group>"; };
		42D198B21AB4D57300A19FD2 /* SABItem.swift */ = {isa = PBXFileReference; fileEncoding = 4; lastKnownFileType = sourcecode.swift; path = SABItem.swift; sourceTree = "<group>"; };
		42D198B41AB4D59400A19FD2 /* SABQueueItem.swift */ = {isa = PBXFileReference; fileEncoding = 4; lastKnownFileType = sourcecode.swift; path = SABQueueItem.swift; sourceTree = "<group>"; };
		42D198B61AB4D59E00A19FD2 /* SABHistoryItem.swift */ = {isa = PBXFileReference; fileEncoding = 4; lastKnownFileType = sourcecode.swift; path = SABHistoryItem.swift; sourceTree = "<group>"; };
		42D198B91AB4DFC900A19FD2 /* Listener.swift */ = {isa = PBXFileReference; fileEncoding = 4; lastKnownFileType = sourcecode.swift; path = Listener.swift; sourceTree = "<group>"; };
		42D198BB1AB4DFF200A19FD2 /* SabNZBdListener.swift */ = {isa = PBXFileReference; fileEncoding = 4; lastKnownFileType = sourcecode.swift; path = SabNZBdListener.swift; sourceTree = "<group>"; };
/* End PBXFileReference section */

/* Begin PBXFrameworksBuildPhase section */
		4253E7D21AB4B7B900EF1254 /* Frameworks */ = {
			isa = PBXFrameworksBuildPhase;
			buildActionMask = 2147483647;
			files = (
				4253E8371AB4BC3E00EF1254 /* Alamofire.framework in Frameworks */,
			);
			runOnlyForDeploymentPostprocessing = 0;
		};
		4253E7EA1AB4B7B900EF1254 /* Frameworks */ = {
			isa = PBXFrameworksBuildPhase;
			buildActionMask = 2147483647;
			files = (
			);
			runOnlyForDeploymentPostprocessing = 0;
		};
/* End PBXFrameworksBuildPhase section */

/* Begin PBXGroup section */
		4253E7CC1AB4B7B900EF1254 = {
			isa = PBXGroup;
			children = (
				4253E7D71AB4B7B900EF1254 /* Down */,
				4253E7F01AB4B7B900EF1254 /* DownTests */,
				4253E7D61AB4B7B900EF1254 /* Products */,
			);
			sourceTree = "<group>";
		};
		4253E7D61AB4B7B900EF1254 /* Products */ = {
			isa = PBXGroup;
			children = (
				4253E7D51AB4B7B900EF1254 /* Down.app */,
				4253E7ED1AB4B7B900EF1254 /* DownTests.xctest */,
			);
			name = Products;
			sourceTree = "<group>";
		};
		4253E7D71AB4B7B900EF1254 /* Down */ = {
			isa = PBXGroup;
			children = (
				4253E7FD1AB4B84C00EF1254 /* Classes */,
				4253E8041AB4B84C00EF1254 /* Resources */,
				4253E8271AB4BC1800EF1254 /* Dependencies */,
				4253E8081AB4B84C00EF1254 /* Supporting Files */,
			);
			path = Down;
			sourceTree = "<group>";
		};
		4253E7F01AB4B7B900EF1254 /* DownTests */ = {
			isa = PBXGroup;
			children = (
				4253E8151AB4B85800EF1254 /* DownTests.swift */,
				4253E8161AB4B85800EF1254 /* Supporting Files */,
			);
			path = DownTests;
			sourceTree = "<group>";
		};
		4253E7FD1AB4B84C00EF1254 /* Classes */ = {
			isa = PBXGroup;
			children = (
				4253E7FE1AB4B84C00EF1254 /* AppDelegate.swift */,
				4253E7FF1AB4B84C00EF1254 /* Managers */,
				4253E8001AB4B84C00EF1254 /* Models */,
				4253E8011AB4B84C00EF1254 /* Services */,
				42D198B81AB4DFBF00A19FD2 /* Listeners */,
				4253E8021AB4B84C00EF1254 /* ViewControllers */,
				42CD255B1AB5BF84008E9717 /* Views */,
			);
			path = Classes;
			sourceTree = "<group>";
		};
		4253E7FF1AB4B84C00EF1254 /* Managers */ = {
			isa = PBXGroup;
			children = (
				42D198A01AB4D11200A19FD2 /* ServiceManager.swift */,
			);
			path = Managers;
			sourceTree = "<group>";
		};
		4253E8001AB4B84C00EF1254 /* Models */ = {
			isa = PBXGroup;
			children = (
				42D198AC1AB4D55F00A19FD2 /* SabNZBd */,
				42D198AD1AB4D55F00A19FD2 /* Sickbeard */,
				42D198AB1AB4D55F00A19FD2 /* CouchPotato */,
			);
			path = Models;
			sourceTree = "<group>";
		};
		4253E8011AB4B84C00EF1254 /* Services */ = {
			isa = PBXGroup;
			children = (
				42D198A21AB4D12400A19FD2 /* Service.swift */,
				42D198A41AB4D13000A19FD2 /* SabNZBdService.swift */,
				42D198A61AB4D13D00A19FD2 /* SickbeardService.swift */,
				42D198A81AB4D14900A19FD2 /* CouchPotatoService.swift */,
			);
			path = Services;
			sourceTree = "<group>";
		};
		4253E8021AB4B84C00EF1254 /* ViewControllers */ = {
			isa = PBXGroup;
			children = (
				4253E8031AB4B84C00EF1254 /* ViewController.swift */,
			);
			path = ViewControllers;
			sourceTree = "<group>";
		};
		4253E8041AB4B84C00EF1254 /* Resources */ = {
			isa = PBXGroup;
			children = (
				42CD25201AB5BD05008E9717 /* Fonts */,
				4253E81F1AB4B8E300EF1254 /* Layout */,
				4253E81D1AB4B8E300EF1254 /* Images */,
				4253E81A1AB4B8E300EF1254 /* CoreData */,
			);
			path = Resources;
			sourceTree = "<group>";
		};
		4253E8081AB4B84C00EF1254 /* Supporting Files */ = {
			isa = PBXGroup;
			children = (
				4253E80D1AB4B84C00EF1254 /* Info.plist */,
			);
			path = "Supporting Files";
			sourceTree = "<group>";
		};
		4253E8161AB4B85800EF1254 /* Supporting Files */ = {
			isa = PBXGroup;
			children = (
				4253E8171AB4B85800EF1254 /* Info.plist */,
			);
			path = "Supporting Files";
			sourceTree = "<group>";
		};
		4253E81A1AB4B8E300EF1254 /* CoreData */ = {
			isa = PBXGroup;
			children = (
				4253E81B1AB4B8E300EF1254 /* Down.xcdatamodeld */,
			);
			path = CoreData;
			sourceTree = "<group>";
		};
		4253E81D1AB4B8E300EF1254 /* Images */ = {
			isa = PBXGroup;
			children = (
				4253E81E1AB4B8E300EF1254 /* Images.xcassets */,
			);
			path = Images;
			sourceTree = "<group>";
		};
		4253E81F1AB4B8E300EF1254 /* Layout */ = {
			isa = PBXGroup;
			children = (
				4253E8241AB4B8FB00EF1254 /* ViewControllers */,
				42CD25611AB5C0F7008E9717 /* Views */,
				4253E8201AB4B8E300EF1254 /* LaunchScreen.xib */,
			);
			path = Layout;
			sourceTree = "<group>";
		};
		4253E8241AB4B8FB00EF1254 /* ViewControllers */ = {
			isa = PBXGroup;
			children = (
				4253E8251AB4B91F00EF1254 /* ViewController.xib */,
			);
			path = ViewControllers;
			sourceTree = "<group>";
		};
		4253E8271AB4BC1800EF1254 /* Dependencies */ = {
			isa = PBXGroup;
			children = (
				4253E8281AB4BC2100EF1254 /* Alamofire.xcodeproj */,
				4253E84B1AB4BF2800EF1254 /* SwiftyJSON.swift */,
			);
			path = Dependencies;
			sourceTree = "<group>";
		};
		4253E8291AB4BC2100EF1254 /* Products */ = {
			isa = PBXGroup;
			children = (
				4253E8301AB4BC2200EF1254 /* Alamofire.framework */,
				4253E8321AB4BC2200EF1254 /* Alamofire.framework */,
				4253E8341AB4BC2200EF1254 /* Alamofire iOS Tests.xctest */,
				4253E8361AB4BC2200EF1254 /* Alamofire OSX Tests.xctest */,
			);
			name = Products;
			sourceTree = "<group>";
		};
		42CD25201AB5BD05008E9717 /* Fonts */ = {
			isa = PBXGroup;
			children = (
				42CD25211AB5BD05008E9717 /* OpenSans */,
				42CD252C1AB5BD05008E9717 /* Roboto */,
			);
			path = Fonts;
			sourceTree = "<group>";
		};
		42CD25211AB5BD05008E9717 /* OpenSans */ = {
			isa = PBXGroup;
			children = (
				42CD25221AB5BD05008E9717 /* OpenSans-Bold.ttf */,
				42CD25231AB5BD05008E9717 /* OpenSans-BoldItalic.ttf */,
				42CD25241AB5BD05008E9717 /* OpenSans-ExtraBold.ttf */,
				42CD25251AB5BD05008E9717 /* OpenSans-ExtraBoldItalic.ttf */,
				42CD25261AB5BD05008E9717 /* OpenSans-Italic.ttf */,
				42CD25271AB5BD05008E9717 /* OpenSans-Light.ttf */,
				42CD25281AB5BD05008E9717 /* OpenSans-LightItalic.ttf */,
				42CD25291AB5BD05008E9717 /* OpenSans-Regular.ttf */,
				42CD252A1AB5BD05008E9717 /* OpenSans-Semibold.ttf */,
				42CD252B1AB5BD05008E9717 /* OpenSans-SemiboldItalic.ttf */,
			);
			path = OpenSans;
			sourceTree = "<group>";
		};
		42CD252C1AB5BD05008E9717 /* Roboto */ = {
			isa = PBXGroup;
			children = (
				42CD252D1AB5BD06008E9717 /* Roboto-Black.ttf */,
				42CD252E1AB5BD06008E9717 /* Roboto-BlackItalic.ttf */,
				42CD252F1AB5BD06008E9717 /* Roboto-Bold.ttf */,
				42CD25301AB5BD06008E9717 /* Roboto-BoldCondensed.ttf */,
				42CD25311AB5BD06008E9717 /* Roboto-BoldCondensedItalic.ttf */,
				42CD25321AB5BD06008E9717 /* Roboto-BoldItalic.ttf */,
				42CD25331AB5BD06008E9717 /* Roboto-Condensed.ttf */,
				42CD25341AB5BD06008E9717 /* Roboto-CondensedItalic.ttf */,
				42CD25351AB5BD06008E9717 /* Roboto-Italic.ttf */,
				42CD25361AB5BD06008E9717 /* Roboto-Light.ttf */,
				42CD25371AB5BD06008E9717 /* Roboto-LightItalic.ttf */,
				42CD25381AB5BD06008E9717 /* Roboto-Medium.ttf */,
				42CD25391AB5BD06008E9717 /* Roboto-MediumItalic.ttf */,
				42CD253A1AB5BD06008E9717 /* Roboto-Regular.ttf */,
				42CD253B1AB5BD06008E9717 /* Roboto-Thin.ttf */,
				42CD253C1AB5BD06008E9717 /* Roboto-ThinItalic.ttf */,
			);
			path = Roboto;
			sourceTree = "<group>";
		};
		42CD255B1AB5BF84008E9717 /* Views */ = {
			isa = PBXGroup;
			children = (
				42CD255C1AB5BF93008E9717 /* TableViewCells */,
			);
			path = Views;
			sourceTree = "<group>";
		};
		42CD255C1AB5BF93008E9717 /* TableViewCells */ = {
			isa = PBXGroup;
			children = (
				42CD255D1AB5C06D008E9717 /* SABQueueItemCell.swift */,
			);
			path = TableViewCells;
			sourceTree = "<group>";
		};
		42CD25611AB5C0F7008E9717 /* Views */ = {
			isa = PBXGroup;
			children = (
				42CD25621AB5C0F7008E9717 /* TableViewCells */,
			);
			path = Views;
			sourceTree = "<group>";
		};
		42CD25621AB5C0F7008E9717 /* TableViewCells */ = {
			isa = PBXGroup;
			children = (
				42CD25631AB5C0F7008E9717 /* SABQueueItemCell.xib */,
			);
			path = TableViewCells;
			sourceTree = "<group>";
		};
		42D198AB1AB4D55F00A19FD2 /* CouchPotato */ = {
			isa = PBXGroup;
			children = (
			);
			path = CouchPotato;
			sourceTree = "<group>";
		};
		42D198AC1AB4D55F00A19FD2 /* SabNZBd */ = {
			isa = PBXGroup;
			children = (
				42D198B21AB4D57300A19FD2 /* SABItem.swift */,
				42D198B41AB4D59400A19FD2 /* SABQueueItem.swift */,
				42D198B61AB4D59E00A19FD2 /* SABHistoryItem.swift */,
			);
			path = SabNZBd;
			sourceTree = "<group>";
		};
		42D198AD1AB4D55F00A19FD2 /* Sickbeard */ = {
			isa = PBXGroup;
			children = (
			);
			path = Sickbeard;
			sourceTree = "<group>";
		};
		42D198B81AB4DFBF00A19FD2 /* Listeners */ = {
			isa = PBXGroup;
			children = (
				42D198B91AB4DFC900A19FD2 /* Listener.swift */,
				42D198BB1AB4DFF200A19FD2 /* SabNZBdListener.swift */,
			);
			path = Listeners;
			sourceTree = "<group>";
		};
/* End PBXGroup section */

/* Begin PBXNativeTarget section */
		4253E7D41AB4B7B900EF1254 /* Down */ = {
			isa = PBXNativeTarget;
			buildConfigurationList = 4253E7F71AB4B7B900EF1254 /* Build configuration list for PBXNativeTarget "Down" */;
			buildPhases = (
				4253E7D11AB4B7B900EF1254 /* Sources */,
				4253E7D21AB4B7B900EF1254 /* Frameworks */,
				4253E7D31AB4B7B900EF1254 /* Resources */,
			);
			buildRules = (
			);
			dependencies = (
			);
			name = Down;
			productName = Down;
			productReference = 4253E7D51AB4B7B900EF1254 /* Down.app */;
			productType = "com.apple.product-type.application";
		};
		4253E7EC1AB4B7B900EF1254 /* DownTests */ = {
			isa = PBXNativeTarget;
			buildConfigurationList = 4253E7FA1AB4B7B900EF1254 /* Build configuration list for PBXNativeTarget "DownTests" */;
			buildPhases = (
				4253E7E91AB4B7B900EF1254 /* Sources */,
				4253E7EA1AB4B7B900EF1254 /* Frameworks */,
				4253E7EB1AB4B7B900EF1254 /* Resources */,
			);
			buildRules = (
			);
			dependencies = (
				4253E7EF1AB4B7B900EF1254 /* PBXTargetDependency */,
			);
			name = DownTests;
			productName = DownTests;
			productReference = 4253E7ED1AB4B7B900EF1254 /* DownTests.xctest */;
			productType = "com.apple.product-type.bundle.unit-test";
		};
/* End PBXNativeTarget section */

/* Begin PBXProject section */
		4253E7CD1AB4B7B900EF1254 /* Project object */ = {
			isa = PBXProject;
			attributes = {
				LastUpgradeCheck = 0610;
				ORGANIZATIONNAME = "Ruud Puts";
				TargetAttributes = {
					4253E7D41AB4B7B900EF1254 = {
						CreatedOnToolsVersion = 6.1.1;
					};
					4253E7EC1AB4B7B900EF1254 = {
						CreatedOnToolsVersion = 6.1.1;
						TestTargetID = 4253E7D41AB4B7B900EF1254;
					};
				};
			};
			buildConfigurationList = 4253E7D01AB4B7B900EF1254 /* Build configuration list for PBXProject "Down" */;
			compatibilityVersion = "Xcode 3.2";
			developmentRegion = English;
			hasScannedForEncodings = 0;
			knownRegions = (
				en,
				Base,
			);
			mainGroup = 4253E7CC1AB4B7B900EF1254;
			productRefGroup = 4253E7D61AB4B7B900EF1254 /* Products */;
			projectDirPath = "";
			projectReferences = (
				{
					ProductGroup = 4253E8291AB4BC2100EF1254 /* Products */;
					ProjectRef = 4253E8281AB4BC2100EF1254 /* Alamofire.xcodeproj */;
				},
			);
			projectRoot = "";
			targets = (
				4253E7D41AB4B7B900EF1254 /* Down */,
				4253E7EC1AB4B7B900EF1254 /* DownTests */,
			);
		};
/* End PBXProject section */

/* Begin PBXReferenceProxy section */
		4253E8301AB4BC2200EF1254 /* Alamofire.framework */ = {
			isa = PBXReferenceProxy;
			fileType = wrapper.framework;
			path = Alamofire.framework;
			remoteRef = 4253E82F1AB4BC2200EF1254 /* PBXContainerItemProxy */;
			sourceTree = BUILT_PRODUCTS_DIR;
		};
		4253E8321AB4BC2200EF1254 /* Alamofire.framework */ = {
			isa = PBXReferenceProxy;
			fileType = wrapper.framework;
			path = Alamofire.framework;
			remoteRef = 4253E8311AB4BC2200EF1254 /* PBXContainerItemProxy */;
			sourceTree = BUILT_PRODUCTS_DIR;
		};
		4253E8341AB4BC2200EF1254 /* Alamofire iOS Tests.xctest */ = {
			isa = PBXReferenceProxy;
			fileType = wrapper.cfbundle;
			path = "Alamofire iOS Tests.xctest";
			remoteRef = 4253E8331AB4BC2200EF1254 /* PBXContainerItemProxy */;
			sourceTree = BUILT_PRODUCTS_DIR;
		};
		4253E8361AB4BC2200EF1254 /* Alamofire OSX Tests.xctest */ = {
			isa = PBXReferenceProxy;
			fileType = wrapper.cfbundle;
			path = "Alamofire OSX Tests.xctest";
			remoteRef = 4253E8351AB4BC2200EF1254 /* PBXContainerItemProxy */;
			sourceTree = BUILT_PRODUCTS_DIR;
		};
/* End PBXReferenceProxy section */

/* Begin PBXResourcesBuildPhase section */
		4253E7D31AB4B7B900EF1254 /* Resources */ = {
			isa = PBXResourcesBuildPhase;
			buildActionMask = 2147483647;
			files = (
				42CD25551AB5BD06008E9717 /* Roboto-Thin.ttf in Resources */,
				42CD25451AB5BD06008E9717 /* OpenSans-Semibold.ttf in Resources */,
				42CD25461AB5BD06008E9717 /* OpenSans-SemiboldItalic.ttf in Resources */,
				42CD25531AB5BD06008E9717 /* Roboto-MediumItalic.ttf in Resources */,
				42CD25511AB5BD06008E9717 /* Roboto-LightItalic.ttf in Resources */,
				4253E8231AB4B8E300EF1254 /* LaunchScreen.xib in Resources */,
				42CD25561AB5BD06008E9717 /* Roboto-ThinItalic.ttf in Resources */,
				42CD25501AB5BD06008E9717 /* Roboto-Light.ttf in Resources */,
				42CD25541AB5BD06008E9717 /* Roboto-Regular.ttf in Resources */,
				42CD25521AB5BD06008E9717 /* Roboto-Medium.ttf in Resources */,
				42CD25441AB5BD06008E9717 /* OpenSans-Regular.ttf in Resources */,
				42CD25411AB5BD06008E9717 /* OpenSans-Italic.ttf in Resources */,
				42CD254A1AB5BD06008E9717 /* Roboto-BoldCondensed.ttf in Resources */,
				42CD25401AB5BD06008E9717 /* OpenSans-ExtraBoldItalic.ttf in Resources */,
				4253E8261AB4B91F00EF1254 /* ViewController.xib in Resources */,
				42CD254B1AB5BD06008E9717 /* Roboto-BoldCondensedItalic.ttf in Resources */,
				42CD254F1AB5BD06008E9717 /* Roboto-Italic.ttf in Resources */,
				42CD25481AB5BD06008E9717 /* Roboto-BlackItalic.ttf in Resources */,
				42CD25431AB5BD06008E9717 /* OpenSans-LightItalic.ttf in Resources */,
				42CD253D1AB5BD06008E9717 /* OpenSans-Bold.ttf in Resources */,
				42CD254C1AB5BD06008E9717 /* Roboto-BoldItalic.ttf in Resources */,
				42CD25641AB5C0F7008E9717 /* SABQueueItemCell.xib in Resources */,
				42CD254D1AB5BD06008E9717 /* Roboto-Condensed.ttf in Resources */,
				4253E8221AB4B8E300EF1254 /* Images.xcassets in Resources */,
				42CD25421AB5BD06008E9717 /* OpenSans-Light.ttf in Resources */,
				42CD254E1AB5BD06008E9717 /* Roboto-CondensedItalic.ttf in Resources */,
				42CD25471AB5BD06008E9717 /* Roboto-Black.ttf in Resources */,
				42CD253E1AB5BD06008E9717 /* OpenSans-BoldItalic.ttf in Resources */,
				42CD25491AB5BD06008E9717 /* Roboto-Bold.ttf in Resources */,
				42CD253F1AB5BD06008E9717 /* OpenSans-ExtraBold.ttf in Resources */,
			);
			runOnlyForDeploymentPostprocessing = 0;
		};
		4253E7EB1AB4B7B900EF1254 /* Resources */ = {
			isa = PBXResourcesBuildPhase;
			buildActionMask = 2147483647;
			files = (
			);
			runOnlyForDeploymentPostprocessing = 0;
		};
/* End PBXResourcesBuildPhase section */

/* Begin PBXSourcesBuildPhase section */
		4253E7D11AB4B7B900EF1254 /* Sources */ = {
			isa = PBXSourcesBuildPhase;
			buildActionMask = 2147483647;
			files = (
				4253E80F1AB4B84C00EF1254 /* ViewController.swift in Sources */,
				4253E80E1AB4B84C00EF1254 /* AppDelegate.swift in Sources */,
				42D198BA1AB4DFC900A19FD2 /* Listener.swift in Sources */,
				42D198B71AB4D59E00A19FD2 /* SABHistoryItem.swift in Sources */,
				42CD255F1AB5C06D008E9717 /* SABQueueItemCell.swift in Sources */,
				42D198BC1AB4DFF200A19FD2 /* SabNZBdListener.swift in Sources */,
				42D198B51AB4D59400A19FD2 /* SABQueueItem.swift in Sources */,
				42D198A71AB4D13D00A19FD2 /* SickbeardService.swift in Sources */,
				42D198B31AB4D57300A19FD2 /* SABItem.swift in Sources */,
				42D198A51AB4D13000A19FD2 /* SabNZBdService.swift in Sources */,
				42D198A91AB4D14900A19FD2 /* CouchPotatoService.swift in Sources */,
				4253E8211AB4B8E300EF1254 /* Down.xcdatamodeld in Sources */,
				4253E84C1AB4BF2800EF1254 /* SwiftyJSON.swift in Sources */,
				42D198A11AB4D11200A19FD2 /* ServiceManager.swift in Sources */,
				42D198A31AB4D12400A19FD2 /* Service.swift in Sources */,
			);
			runOnlyForDeploymentPostprocessing = 0;
		};
		4253E7E91AB4B7B900EF1254 /* Sources */ = {
			isa = PBXSourcesBuildPhase;
			buildActionMask = 2147483647;
			files = (
				4253E8181AB4B85800EF1254 /* DownTests.swift in Sources */,
			);
			runOnlyForDeploymentPostprocessing = 0;
		};
/* End PBXSourcesBuildPhase section */

/* Begin PBXTargetDependency section */
		4253E7EF1AB4B7B900EF1254 /* PBXTargetDependency */ = {
			isa = PBXTargetDependency;
			target = 4253E7D41AB4B7B900EF1254 /* Down */;
			targetProxy = 4253E7EE1AB4B7B900EF1254 /* PBXContainerItemProxy */;
		};
/* End PBXTargetDependency section */

/* Begin XCBuildConfiguration section */
		4253E7F51AB4B7B900EF1254 /* Debug */ = {
			isa = XCBuildConfiguration;
			buildSettings = {
				ALWAYS_SEARCH_USER_PATHS = NO;
				CLANG_CXX_LANGUAGE_STANDARD = "gnu++0x";
				CLANG_CXX_LIBRARY = "libc++";
				CLANG_ENABLE_MODULES = YES;
				CLANG_ENABLE_OBJC_ARC = YES;
				CLANG_WARN_BOOL_CONVERSION = YES;
				CLANG_WARN_CONSTANT_CONVERSION = YES;
				CLANG_WARN_DIRECT_OBJC_ISA_USAGE = YES_ERROR;
				CLANG_WARN_EMPTY_BODY = YES;
				CLANG_WARN_ENUM_CONVERSION = YES;
				CLANG_WARN_INT_CONVERSION = YES;
				CLANG_WARN_OBJC_ROOT_CLASS = YES_ERROR;
				CLANG_WARN_UNREACHABLE_CODE = YES;
				CLANG_WARN__DUPLICATE_METHOD_MATCH = YES;
				"CODE_SIGN_IDENTITY[sdk=iphoneos*]" = "iPhone Developer";
				COPY_PHASE_STRIP = NO;
				ENABLE_STRICT_OBJC_MSGSEND = YES;
				GCC_C_LANGUAGE_STANDARD = gnu99;
				GCC_DYNAMIC_NO_PIC = NO;
				GCC_OPTIMIZATION_LEVEL = 0;
				GCC_PREPROCESSOR_DEFINITIONS = (
					"DEBUG=1",
					"$(inherited)",
				);
				GCC_SYMBOLS_PRIVATE_EXTERN = NO;
				GCC_WARN_64_TO_32_BIT_CONVERSION = YES;
				GCC_WARN_ABOUT_RETURN_TYPE = YES_ERROR;
				GCC_WARN_UNDECLARED_SELECTOR = YES;
				GCC_WARN_UNINITIALIZED_AUTOS = YES_AGGRESSIVE;
				GCC_WARN_UNUSED_FUNCTION = YES;
				GCC_WARN_UNUSED_VARIABLE = YES;
				IPHONEOS_DEPLOYMENT_TARGET = 8.1;
				MTL_ENABLE_DEBUG_INFO = YES;
				ONLY_ACTIVE_ARCH = YES;
				SDKROOT = iphoneos;
				SWIFT_OPTIMIZATION_LEVEL = "-Onone";
			};
			name = Debug;
		};
		4253E7F61AB4B7B900EF1254 /* Release */ = {
			isa = XCBuildConfiguration;
			buildSettings = {
				ALWAYS_SEARCH_USER_PATHS = NO;
				CLANG_CXX_LANGUAGE_STANDARD = "gnu++0x";
				CLANG_CXX_LIBRARY = "libc++";
				CLANG_ENABLE_MODULES = YES;
				CLANG_ENABLE_OBJC_ARC = YES;
				CLANG_WARN_BOOL_CONVERSION = YES;
				CLANG_WARN_CONSTANT_CONVERSION = YES;
				CLANG_WARN_DIRECT_OBJC_ISA_USAGE = YES_ERROR;
				CLANG_WARN_EMPTY_BODY = YES;
				CLANG_WARN_ENUM_CONVERSION = YES;
				CLANG_WARN_INT_CONVERSION = YES;
				CLANG_WARN_OBJC_ROOT_CLASS = YES_ERROR;
				CLANG_WARN_UNREACHABLE_CODE = YES;
				CLANG_WARN__DUPLICATE_METHOD_MATCH = YES;
				"CODE_SIGN_IDENTITY[sdk=iphoneos*]" = "iPhone Developer";
				COPY_PHASE_STRIP = YES;
				ENABLE_NS_ASSERTIONS = NO;
				ENABLE_STRICT_OBJC_MSGSEND = YES;
				GCC_C_LANGUAGE_STANDARD = gnu99;
				GCC_WARN_64_TO_32_BIT_CONVERSION = YES;
				GCC_WARN_ABOUT_RETURN_TYPE = YES_ERROR;
				GCC_WARN_UNDECLARED_SELECTOR = YES;
				GCC_WARN_UNINITIALIZED_AUTOS = YES_AGGRESSIVE;
				GCC_WARN_UNUSED_FUNCTION = YES;
				GCC_WARN_UNUSED_VARIABLE = YES;
				IPHONEOS_DEPLOYMENT_TARGET = 8.1;
				MTL_ENABLE_DEBUG_INFO = NO;
				SDKROOT = iphoneos;
				VALIDATE_PRODUCT = YES;
			};
			name = Release;
		};
		4253E7F81AB4B7B900EF1254 /* Debug */ = {
			isa = XCBuildConfiguration;
			buildSettings = {
				ASSETCATALOG_COMPILER_APPICON_NAME = AppIcon;
				INFOPLIST_FILE = "$(SRCROOT)/Down/Supporting Files/Info.plist";
				LD_RUNPATH_SEARCH_PATHS = "$(inherited) @executable_path/Frameworks";
				PRODUCT_NAME = "$(TARGET_NAME)";
			};
			name = Debug;
		};
		4253E7F91AB4B7B900EF1254 /* Release */ = {
			isa = XCBuildConfiguration;
			buildSettings = {
				ASSETCATALOG_COMPILER_APPICON_NAME = AppIcon;
				INFOPLIST_FILE = "$(SRCROOT)/Down/Supporting Files/Info.plist";
				LD_RUNPATH_SEARCH_PATHS = "$(inherited) @executable_path/Frameworks";
				PRODUCT_NAME = "$(TARGET_NAME)";
			};
			name = Release;
		};
		4253E7FB1AB4B7B900EF1254 /* Debug */ = {
			isa = XCBuildConfiguration;
			buildSettings = {
				BUNDLE_LOADER = "$(TEST_HOST)";
				FRAMEWORK_SEARCH_PATHS = (
					"$(SDKROOT)/Developer/Library/Frameworks",
					"$(inherited)",
				);
				GCC_PREPROCESSOR_DEFINITIONS = (
					"DEBUG=1",
					"$(inherited)",
				);
				INFOPLIST_FILE = "DownTests/Supporting Files/Info.plist";
				LD_RUNPATH_SEARCH_PATHS = "$(inherited) @executable_path/Frameworks @loader_path/Frameworks";
				PRODUCT_NAME = "$(TARGET_NAME)";
				TEST_HOST = "$(BUILT_PRODUCTS_DIR)/Down.app/Down";
			};
			name = Debug;
		};
		4253E7FC1AB4B7B900EF1254 /* Release */ = {
			isa = XCBuildConfiguration;
			buildSettings = {
				BUNDLE_LOADER = "$(TEST_HOST)";
				FRAMEWORK_SEARCH_PATHS = (
					"$(SDKROOT)/Developer/Library/Frameworks",
					"$(inherited)",
				);
				INFOPLIST_FILE = "DownTests/Supporting Files/Info.plist";
				LD_RUNPATH_SEARCH_PATHS = "$(inherited) @executable_path/Frameworks @loader_path/Frameworks";
				PRODUCT_NAME = "$(TARGET_NAME)";
				TEST_HOST = "$(BUILT_PRODUCTS_DIR)/Down.app/Down";
			};
			name = Release;
		};
/* End XCBuildConfiguration section */

/* Begin XCConfigurationList section */
		4253E7D01AB4B7B900EF1254 /* Build configuration list for PBXProject "Down" */ = {
			isa = XCConfigurationList;
			buildConfigurations = (
				4253E7F51AB4B7B900EF1254 /* Debug */,
				4253E7F61AB4B7B900EF1254 /* Release */,
			);
			defaultConfigurationIsVisible = 0;
			defaultConfigurationName = Release;
		};
		4253E7F71AB4B7B900EF1254 /* Build configuration list for PBXNativeTarget "Down" */ = {
			isa = XCConfigurationList;
			buildConfigurations = (
				4253E7F81AB4B7B900EF1254 /* Debug */,
				4253E7F91AB4B7B900EF1254 /* Release */,
			);
			defaultConfigurationIsVisible = 0;
			defaultConfigurationName = Release;
		};
		4253E7FA1AB4B7B900EF1254 /* Build configuration list for PBXNativeTarget "DownTests" */ = {
			isa = XCConfigurationList;
			buildConfigurations = (
				4253E7FB1AB4B7B900EF1254 /* Debug */,
				4253E7FC1AB4B7B900EF1254 /* Release */,
			);
			defaultConfigurationIsVisible = 0;
			defaultConfigurationName = Release;
		};
/* End XCConfigurationList section */

/* Begin XCVersionGroup section */
		4253E81B1AB4B8E300EF1254 /* Down.xcdatamodeld */ = {
			isa = XCVersionGroup;
			children = (
				4253E81C1AB4B8E300EF1254 /* Down.xcdatamodel */,
			);
			currentVersion = 4253E81C1AB4B8E300EF1254 /* Down.xcdatamodel */;
			path = Down.xcdatamodeld;
			sourceTree = "<group>";
			versionGroupType = wrapper.xcdatamodel;
		};
/* End XCVersionGroup section */
	};
	rootObject = 4253E7CD1AB4B7B900EF1254 /* Project object */;
}
